
Microsoft Visual Studio Solution File, Format Version 12.00
# Visual Studio Version 16
VisualStudioVersion = 16.0.29609.76
MinimumVisualStudioVersion = 10.0.40219.1
Project("{9A19103F-16F7-4668-BE54-9A1E7A4F7556}") = "mdt112_assignment2", "mdt112_assignment2.csproj", "{29D2AC9E-C8E0-4A9E-8E01-6A3BA72E728E}"
EndProject
Global
	GlobalSection(SolutionConfigurationPlatforms) = preSolution
		Debug|Any CPU = Debug|Any CPU
		Release|Any CPU = Release|Any CPU
	EndGlobalSection
	GlobalSection(ProjectConfigurationPlatforms) = postSolution
		{29D2AC9E-C8E0-4A9E-8E01-6A3BA72E728E}.Debug|Any CPU.ActiveCfg = Debug|Any CPU
		{29D2AC9E-C8E0-4A9E-8E01-6A3BA72E728E}.Debug|Any CPU.Build.0 = Debug|Any CPU
		{29D2AC9E-C8E0-4A9E-8E01-6A3BA72E728E}.Release|Any CPU.ActiveCfg = Release|Any CPU
		{29D2AC9E-C8E0-4A9E-8E01-6A3BA72E728E}.Release|Any CPU.Build.0 = Release|Any CPU
	EndGlobalSection
	GlobalSection(SolutionProperties) = preSolution
		HideSolutionNode = FALSE
	EndGlobalSection
	GlobalSection(ExtensibilityGlobals) = postSolution
		SolutionGuid = {14C1B107-269F-46BC-AA9A-82F5674F4EC9}
	EndGlobalSection
EndGlobal
